<Solution>
  <Project Path="Fiap.GestaoFinanca.Application/Fiap.GestaoFinanca.Application.csproj" Id="0d748940-8bc1-42e1-bd14-9e8cdbd2e102" />
  <Project Path="Fiap.GestaoFinanca.Domain/Fiap.GestaoFinanca.Domain.csproj" />
  <Project Path="Fiap.GestaoFinanca.Infrastructure/Fiap.GestaoFinanca.Infrastructure.csproj" Id="a5e9b27f-6484-4191-87f0-c40d5f66c1fa" />
  <Project Path="GestaoFinanca/Fiap.GestaoFinanca.Api.csproj" />
</Solution>
